// !$*UTF8*$!
{
	archiveVersion = 1;
	classes = {
	};
	objectVersion = 46;
	objects = {

/* Begin PBXBuildFile section */
		F70F2C351C26570F00A7069D /* AppDelegate.swift in Sources */ = {isa = PBXBuildFile; fileRef = F70F2C341C26570F00A7069D /* AppDelegate.swift */; };
		F70F2C371C26570F00A7069D /* ViewController.swift in Sources */ = {isa = PBXBuildFile; fileRef = F70F2C361C26570F00A7069D /* ViewController.swift */; };
		F70F2C3A1C26570F00A7069D /* Main.storyboard in Resources */ = {isa = PBXBuildFile; fileRef = F70F2C381C26570F00A7069D /* Main.storyboard */; };
		F70F2C3C1C26570F00A7069D /* Assets.xcassets in Resources */ = {isa = PBXBuildFile; fileRef = F70F2C3B1C26570F00A7069D /* Assets.xcassets */; };
		F70F2C3F1C26570F00A7069D /* LaunchScreen.storyboard in Resources */ = {isa = PBXBuildFile; fileRef = F70F2C3D1C26570F00A7069D /* LaunchScreen.storyboard */; };
		F70F2C4A1C26570F00A7069D /* IVORYTests.swift in Sources */ = {isa = PBXBuildFile; fileRef = F70F2C491C26570F00A7069D /* IVORYTests.swift */; };
		F70F2C551C26570F00A7069D /* IVORYUITests.swift in Sources */ = {isa = PBXBuildFile; fileRef = F70F2C541C26570F00A7069D /* IVORYUITests.swift */; };
/* End PBXBuildFile section */

/* Begin PBXContainerItemProxy section */
		F70F2C461C26570F00A7069D /* PBXContainerItemProxy */ = {
			isa = PBXContainerItemProxy;
			containerPortal = F70F2C291C26570F00A7069D /* Project object */;
			proxyType = 1;
			remoteGlobalIDString = F70F2C301C26570F00A7069D;
			remoteInfo = IVORY;
		};
		F70F2C511C26570F00A7069D /* PBXContainerItemProxy */ = {
			isa = PBXContainerItemProxy;
			containerPortal = F70F2C291C26570F00A7069D /* Project object */;
			proxyType = 1;
			remoteGlobalIDString = F70F2C301C26570F00A7069D;
			remoteInfo = IVORY;
		};
/* End PBXContainerItemProxy section */

/* Begin PBXFileReference section */
		F70F2C311C26570F00A7069D /* IVORY.app */ = {isa = PBXFileReference; explicitFileType = wrapper.application; includeInIndex = 0; path = IVORY.app; sourceTree = BUILT_PRODUCTS_DIR; };
		F70F2C341C26570F00A7069D /* AppDelegate.swift */ = {isa = PBXFileReference; lastKnownFileType = sourcecode.swift; path = AppDelegate.swift; sourceTree = "<group>"; };
		F70F2C361C26570F00A7069D /* ViewController.swift */ = {isa = PBXFileReference; lastKnownFileType = sourcecode.swift; path = ViewController.swift; sourceTree = "<group>"; };
		F70F2C391C26570F00A7069D /* Base */ = {isa = PBXFileReference; lastKnownFileType = file.storyboard; name = Base; path = Base.lproj/Main.storyboard; sourceTree = "<group>"; };
		F70F2C3B1C26570F00A7069D /* Assets.xcassets */ = {isa = PBXFileReference; lastKnownFileType = folder.assetcatalog; path = Assets.xcassets; sourceTree = "<group>"; };
		F70F2C3E1C26570F00A7069D /* Base */ = {isa = PBXFileReference; lastKnownFileType = file.storyboard; name = Base; path = Base.lproj/LaunchScreen.storyboard; sourceTree = "<group>"; };
		F70F2C401C26570F00A7069D /* Info.plist */ = {isa = PBXFileReference; lastKnownFileType = text.plist.xml; path = Info.plist; sourceTree = "<group>"; };
		F70F2C451C26570F00A7069D /* IVORYTests.xctest */ = {isa = PBXFileReference; explicitFileType = wrapper.cfbundle; includeInIndex = 0; path = IVORYTests.xctest; sourceTree = BUILT_PRODUCTS_DIR; };
		F70F2C491C26570F00A7069D /* IVORYTests.swift */ = {isa = PBXFileReference; lastKnownFileType = sourcecode.swift; path = IVORYTests.swift; sourceTree = "<group>"; };
		F70F2C4B1C26570F00A7069D /* Info.plist */ = {isa = PBXFileReference; lastKnownFileType = text.plist.xml; path = Info.plist; sourceTree = "<group>"; };
		F70F2C501C26570F00A7069D /* IVORYUITests.xctest */ = {isa = PBXFileReference; explicitFileType = wrapper.cfbundle; includeInIndex = 0; path = IVORYUITests.xctest; sourceTree = BUILT_PRODUCTS_DIR; };
		F70F2C541C26570F00A7069D /* IVORYUITests.swift */ = {isa = PBXFileReference; lastKnownFileType = sourcecode.swift; path = IVORYUITests.swift; sourceTree = "<group>"; };
		F70F2C561C26570F00A7069D /* Info.plist */ = {isa = PBXFileReference; lastKnownFileType = text.plist.xml; path = Info.plist; sourceTree = "<group>"; };
/* End PBXFileReference section */

/* Begin PBXFrameworksBuildPhase section */
		F70F2C2E1C26570F00A7069D /* Frameworks */ = {
			isa = PBXFrameworksBuildPhase;
			buildActionMask = 2147483647;
			files = (
			);
			runOnlyForDeploymentPostprocessing = 0;
		};
		F70F2C421C26570F00A7069D /* Frameworks */ = {
			isa = PBXFrameworksBuildPhase;
			buildActionMask = 2147483647;
			files = (
			);
			runOnlyForDeploymentPostprocessing = 0;
		};
		F70F2C4D1C26570F00A7069D /* Frameworks */ = {
			isa = PBXFrameworksBuildPhase;
			buildActionMask = 2147483647;
			files = (
			);
			runOnlyForDeploymentPostprocessing = 0;
		};
/* End PBXFrameworksBuildPhase section */

/* Begin PBXGroup section */
		F70F2C281C26570F00A7069D = {
			isa = PBXGroup;
			children = (
				F70F2C331C26570F00A7069D /* IVORY */,
				F70F2C481C26570F00A7069D /* IVORYTests */,
				F70F2C531C26570F00A7069D /* IVORYUITests */,
				F70F2C321C26570F00A7069D /* Products */,
			);
			sourceTree = "<group>";
		};
		F70F2C321C26570F00A7069D /* Products */ = {
			isa = PBXGroup;
			children = (
				F70F2C311C26570F00A7069D /* IVORY.app */,
				F70F2C451C26570F00A7069D /* IVORYTests.xctest */,
				F70F2C501C26570F00A7069D /* IVORYUITests.xctest */,
			);
			name = Products;
			sourceTree = "<group>";
		};
		F70F2C331C26570F00A7069D /* IVORY */ = {
			isa = PBXGroup;
			children = (
				F70F2C341C26570F00A7069D /* AppDelegate.swift */,
				F70F2C361C26570F00A7069D /* ViewController.swift */,
				F70F2C381C26570F00A7069D /* Main.storyboard */,
				F70F2C3B1C26570F00A7069D /* Assets.xcassets */,
				F70F2C3D1C26570F00A7069D /* LaunchScreen.storyboard */,
				F70F2C401C26570F00A7069D /* Info.plist */,
			);
			path = IVORY;
			sourceTree = "<group>";
		};
		F70F2C481C26570F00A7069D /* IVORYTests */ = {
			isa = PBXGroup;
			children = (
				F70F2C491C26570F00A7069D /* IVORYTests.swift */,
				F70F2C4B1C26570F00A7069D /* Info.plist */,
			);
			path = IVORYTests;
			sourceTree = "<group>";
		};
		F70F2C531C26570F00A7069D /* IVORYUITests */ = {
			isa = PBXGroup;
			children = (
				F70F2C541C26570F00A7069D /* IVORYUITests.swift */,
				F70F2C561C26570F00A7069D /* Info.plist */,
			);
			path = IVORYUITests;
			sourceTree = "<group>";
		};
/* End PBXGroup section */

/* Begin PBXNativeTarget section */
		F70F2C301C26570F00A7069D /* IVORY */ = {
			isa = PBXNativeTarget;
			buildConfigurationList = F70F2C591C26570F00A7069D /* Build configuration list for PBXNativeTarget "IVORY" */;
			buildPhases = (
				F70F2C2D1C26570F00A7069D /* Sources */,
				F70F2C2E1C26570F00A7069D /* Frameworks */,
				F70F2C2F1C26570F00A7069D /* Resources */,
			);
			buildRules = (
			);
			dependencies = (
			);
			name = IVORY;
			productName = IVORY;
			productReference = F70F2C311C26570F00A7069D /* IVORY.app */;
			productType = "com.apple.product-type.application";
		};
		F70F2C441C26570F00A7069D /* IVORYTests */ = {
			isa = PBXNativeTarget;
			buildConfigurationList = F70F2C5C1C26570F00A7069D /* Build configuration list for PBXNativeTarget "IVORYTests" */;
			buildPhases = (
				F70F2C411C26570F00A7069D /* Sources */,
				F70F2C421C26570F00A7069D /* Frameworks */,
				F70F2C431C26570F00A7069D /* Resources */,
			);
			buildRules = (
			);
			dependencies = (
				F70F2C471C26570F00A7069D /* PBXTargetDependency */,
			);
			name = IVORYTests;
			productName = IVORYTests;
			productReference = F70F2C451C26570F00A7069D /* IVORYTests.xctest */;
			productType = "com.apple.product-type.bundle.unit-test";
		};
		F70F2C4F1C26570F00A7069D /* IVORYUITests */ = {
			isa = PBXNativeTarget;
			buildConfigurationList = F70F2C5F1C26570F00A7069D /* Build configuration list for PBXNativeTarget "IVORYUITests" */;
			buildPhases = (
				F70F2C4C1C26570F00A7069D /* Sources */,
				F70F2C4D1C26570F00A7069D /* Frameworks */,
				F70F2C4E1C26570F00A7069D /* Resources */,
			);
			buildRules = (
			);
			dependencies = (
				F70F2C521C26570F00A7069D /* PBXTargetDependency */,
			);
			name = IVORYUITests;
			productName = IVORYUITests;
			productReference = F70F2C501C26570F00A7069D /* IVORYUITests.xctest */;
			productType = "com.apple.product-type.bundle.ui-testing";
		};
/* End PBXNativeTarget section */

/* Begin PBXProject section */
		F70F2C291C26570F00A7069D /* Project object */ = {
			isa = PBXProject;
			attributes = {
				LastSwiftUpdateCheck = 0720;
				LastUpgradeCheck = 0720;
				ORGANIZATIONNAME = ZengJintao;
				TargetAttributes = {
					F70F2C301C26570F00A7069D = {
						CreatedOnToolsVersion = 7.2;
					};
					F70F2C441C26570F00A7069D = {
						CreatedOnToolsVersion = 7.2;
						TestTargetID = F70F2C301C26570F00A7069D;
					};
					F70F2C4F1C26570F00A7069D = {
						CreatedOnToolsVersion = 7.2;
						TestTargetID = F70F2C301C26570F00A7069D;
					};
				};
			};
			buildConfigurationList = F70F2C2C1C26570F00A7069D /* Build configuration list for PBXProject "IVORY" */;
			compatibilityVersion = "Xcode 3.2";
			developmentRegion = English;
			hasScannedForEncodings = 0;
			knownRegions = (
				en,
				Base,
			);
			mainGroup = F70F2C281C26570F00A7069D;
			productRefGroup = F70F2C321C26570F00A7069D /* Products */;
			projectDirPath = "";
			projectRoot = "";
			targets = (
				F70F2C301C26570F00A7069D /* IVORY */,
				F70F2C441C26570F00A7069D /* IVORYTests */,
				F70F2C4F1C26570F00A7069D /* IVORYUITests */,
			);
		};
/* End PBXProject section */

/* Begin PBXResourcesBuildPhase section */
		F70F2C2F1C26570F00A7069D /* Resources */ = {
			isa = PBXResourcesBuildPhase;
			buildActionMask = 2147483647;
			files = (
				F70F2C3F1C26570F00A7069D /* LaunchScreen.storyboard in Resources */,
				F70F2C3C1C26570F00A7069D /* Assets.xcassets in Resources */,
				F70F2C3A1C26570F00A7069D /* Main.storyboard in Resources */,
			);
			runOnlyForDeploymentPostprocessing = 0;
		};
		F70F2C431C26570F00A7069D /* Resources */ = {
			isa = PBXResourcesBuildPhase;
			buildActionMask = 2147483647;
			files = (
			);
			runOnlyForDeploymentPostprocessing = 0;
		};
		F70F2C4E1C26570F00A7069D /* Resources */ = {
			isa = PBXResourcesBuildPhase;
			buildActionMask = 2147483647;
			files = (
			);
			runOnlyForDeploymentPostprocessing = 0;
		};
/* End PBXResourcesBuildPhase section */

/* Begin PBXSourcesBuildPhase section */
		F70F2C2D1C26570F00A7069D /* Sources */ = {
			isa = PBXSourcesBuildPhase;
			buildActionMask = 2147483647;
			files = (
				F70F2C371C26570F00A7069D /* ViewController.swift in Sources */,
				F70F2C351C26570F00A7069D /* AppDelegate.swift in Sources */,
			);
			runOnlyForDeploymentPostprocessing = 0;
		};
		F70F2C411C26570F00A7069D /* Sources */ = {
			isa = PBXSourcesBuildPhase;
			buildActionMask = 2147483647;
			files = (
				F70F2C4A1C26570F00A7069D /* IVORYTests.swift in Sources */,
			);
			runOnlyForDeploymentPostprocessing = 0;
		};
		F70F2C4C1C26570F00A7069D /* Sources */ = {
			isa = PBXSourcesBuildPhase;
			buildActionMask = 2147483647;
			files = (
				F70F2C551C26570F00A7069D /* IVORYUITests.swift in Sources */,
			);
			runOnlyForDeploymentPostprocessing = 0;
		};
/* End PBXSourcesBuildPhase section */

/* Begin PBXTargetDependency section */
		F70F2C471C26570F00A7069D /* PBXTargetDependency */ = {
			isa = PBXTargetDependency;
			target = F70F2C301C26570F00A7069D /* IVORY */;
			targetProxy = F70F2C461C26570F00A7069D /* PBXContainerItemProxy */;
		};
		F70F2C521C26570F00A7069D /* PBXTargetDependency */ = {
			isa = PBXTargetDependency;
			target = F70F2C301C26570F00A7069D /* IVORY */;
			targetProxy = F70F2C511C26570F00A7069D /* PBXContainerItemProxy */;
		};
/* End PBXTargetDependency section */

/* Begin PBXVariantGroup section */
		F70F2C381C26570F00A7069D /* Main.storyboard */ = {
			isa = PBXVariantGroup;
			children = (
				F70F2C391C26570F00A7069D /* Base */,
			);
			name = Main.storyboard;
			sourceTree = "<group>";
		};
		F70F2C3D1C26570F00A7069D /* LaunchScreen.storyboard */ = {
			isa = PBXVariantGroup;
			children = (
				F70F2C3E1C26570F00A7069D /* Base */,
			);
			name = LaunchScreen.storyboard;
			sourceTree = "<group>";
		};
/* End PBXVariantGroup section */

/* Begin XCBuildConfiguration section */
		F70F2C571C26570F00A7069D /* Debug */ = {
			isa = XCBuildConfiguration;
			buildSettings = {
				ALWAYS_SEARCH_USER_PATHS = NO;
				CLANG_CXX_LANGUAGE_STANDARD = "gnu++0x";
				CLANG_CXX_LIBRARY = "libc++";
				CLANG_ENABLE_MODULES = YES;
				CLANG_ENABLE_OBJC_ARC = YES;
				CLANG_WARN_BOOL_CONVERSION = YES;
				CLANG_WARN_CONSTANT_CONVERSION = YES;
				CLANG_WARN_DIRECT_OBJC_ISA_USAGE = YES_ERROR;
				CLANG_WARN_EMPTY_BODY = YES;
				CLANG_WARN_ENUM_CONVERSION = YES;
				CLANG_WARN_INT_CONVERSION = YES;
				CLANG_WARN_OBJC_ROOT_CLASS = YES_ERROR;
				CLANG_WARN_UNREACHABLE_CODE = YES;
				CLANG_WARN__DUPLICATE_METHOD_MATCH = YES;
				"CODE_SIGN_IDENTITY[sdk=iphoneos*]" = "iPhone Developer";
				COPY_PHASE_STRIP = NO;
				DEBUG_INFORMATION_FORMAT = dwarf;
				ENABLE_STRICT_OBJC_MSGSEND = YES;
				ENABLE_TESTABILITY = YES;
				GCC_C_LANGUAGE_STANDARD = gnu99;
				GCC_DYNAMIC_NO_PIC = NO;
				GCC_NO_COMMON_BLOCKS = YES;
				GCC_OPTIMIZATION_LEVEL = 0;
				GCC_PREPROCESSOR_DEFINITIONS = (
					"DEBUG=1",
					"$(inherited)",
				);
				GCC_WARN_64_TO_32_BIT_CONVERSION = YES;
				GCC_WARN_ABOUT_RETURN_TYPE = YES_ERROR;
				GCC_WARN_UNDECLARED_SELECTOR = YES;
				GCC_WARN_UNINITIALIZED_AUTOS = YES_AGGRESSIVE;
				GCC_WARN_UNUSED_FUNCTION = YES;
				GCC_WARN_UNUSED_VARIABLE = YES;
				IPHONEOS_DEPLOYMENT_TARGET = 9.2;
				MTL_ENABLE_DEBUG_INFO = YES;
				ONLY_ACTIVE_ARCH = YES;
				SDKROOT = iphoneos;
				SWIFT_OPTIMIZATION_LEVEL = "-Onone";
				TARGETED_DEVICE_FAMILY = "1,2";
			};
			name = Debug;
		};
		F70F2C581C26570F00A7069D /* Release */ = {
			isa = XCBuildConfiguration;
			buildSettings = {
				ALWAYS_SEARCH_USER_PATHS = NO;
				CLANG_CXX_LANGUAGE_STANDARD = "gnu++0x";
				CLANG_CXX_LIBRARY = "libc++";
				CLANG_ENABLE_MODULES = YES;
				CLANG_ENABLE_OBJC_ARC = YES;
				CLANG_WARN_BOOL_CONVERSION = YES;
				CLANG_WARN_CONSTANT_CONVERSION = YES;
				CLANG_WARN_DIRECT_OBJC_ISA_USAGE = YES_ERROR;
				CLANG_WARN_EMPTY_BODY = YES;
				CLANG_WARN_ENUM_CONVERSION = YES;
				CLANG_WARN_INT_CONVERSION = YES;
				CLANG_WARN_OBJC_ROOT_CLASS = YES_ERROR;
				CLANG_WARN_UNREACHABLE_CODE = YES;
				CLANG_WARN__DUPLICATE_METHOD_MATCH = YES;
				"CODE_SIGN_IDENTITY[sdk=iphoneos*]" = "iPhone Developer";
				COPY_PHASE_STRIP = NO;
				DEBUG_INFORMATION_FORMAT = "dwarf-with-dsym";
				ENABLE_NS_ASSERTIONS = NO;
				ENABLE_STRICT_OBJC_MSGSEND = YES;
				GCC_C_LANGUAGE_STANDARD = gnu99;
				GCC_NO_COMMON_BLOCKS = YES;
				GCC_WARN_64_TO_32_BIT_CONVERSION = YES;
				GCC_WARN_ABOUT_RETURN_TYPE = YES_ERROR;
				GCC_WARN_UNDECLARED_SELECTOR = YES;
				GCC_WARN_UNINITIALIZED_AUTOS = YES_AGGRESSIVE;
				GCC_WARN_UNUSED_FUNCTION = YES;
				GCC_WARN_UNUSED_VARIABLE = YES;
				IPHONEOS_DEPLOYMENT_TARGET = 9.2;
				MTL_ENABLE_DEBUG_INFO = NO;
				SDKROOT = iphoneos;
				TARGETED_DEVICE_FAMILY = "1,2";
				VALIDATE_PRODUCT = YES;
			};
			name = Release;
		};
		F70F2C5A1C26570F00A7069D /* Debug */ = {
			isa = XCBuildConfiguration;
			buildSettings = {
				ASSETCATALOG_COMPILER_APPICON_NAME = AppIcon;
				INFOPLIST_FILE = IVORY/Info.plist;
				LD_RUNPATH_SEARCH_PATHS = "$(inherited) @executable_path/Frameworks";
				PRODUCT_BUNDLE_IDENTIFIER = PurdueIdeaFamily.IVORY;
				PRODUCT_NAME = "$(TARGET_NAME)";
			};
			name = Debug;
		};
		F70F2C5B1C26570F00A7069D /* Release */ = {
			isa = XCBuildConfiguration;
			buildSettings = {
				ASSETCATALOG_COMPILER_APPICON_NAME = AppIcon;
				INFOPLIST_FILE = IVORY/Info.plist;
				LD_RUNPATH_SEARCH_PATHS = "$(inherited) @executable_path/Frameworks";
				PRODUCT_BUNDLE_IDENTIFIER = PurdueIdeaFamily.IVORY;
				PRODUCT_NAME = "$(TARGET_NAME)";
			};
			name = Release;
		};
		F70F2C5D1C26570F00A7069D /* Debug */ = {
			isa = XCBuildConfiguration;
			buildSettings = {
				BUNDLE_LOADER = "$(TEST_HOST)";
				INFOPLIST_FILE = IVORYTests/Info.plist;
				LD_RUNPATH_SEARCH_PATHS = "$(inherited) @executable_path/Frameworks @loader_path/Frameworks";
				PRODUCT_BUNDLE_IDENTIFIER = PurdueIdeaFamily.IVORYTests;
				PRODUCT_NAME = "$(TARGET_NAME)";
				TEST_HOST = "$(BUILT_PRODUCTS_DIR)/IVORY.app/IVORY";
			};
			name = Debug;
		};
		F70F2C5E1C26570F00A7069D /* Release */ = {
			isa = XCBuildConfiguration;
			buildSettings = {
				BUNDLE_LOADER = "$(TEST_HOST)";
				INFOPLIST_FILE = IVORYTests/Info.plist;
				LD_RUNPATH_SEARCH_PATHS = "$(inherited) @executable_path/Frameworks @loader_path/Frameworks";
				PRODUCT_BUNDLE_IDENTIFIER = PurdueIdeaFamily.IVORYTests;
				PRODUCT_NAME = "$(TARGET_NAME)";
				TEST_HOST = "$(BUILT_PRODUCTS_DIR)/IVORY.app/IVORY";
			};
			name = Release;
		};
		F70F2C601C26570F00A7069D /* Debug */ = {
			isa = XCBuildConfiguration;
			buildSettings = {
				INFOPLIST_FILE = IVORYUITests/Info.plist;
				LD_RUNPATH_SEARCH_PATHS = "$(inherited) @executable_path/Frameworks @loader_path/Frameworks";
				PRODUCT_BUNDLE_IDENTIFIER = PurdueIdeaFamily.IVORYUITests;
				PRODUCT_NAME = "$(TARGET_NAME)";
				TEST_TARGET_NAME = IVORY;
				USES_XCTRUNNER = YES;
			};
			name = Debug;
		};
		F70F2C611C26570F00A7069D /* Release */ = {
			isa = XCBuildConfiguration;
			buildSettings = {
				INFOPLIST_FILE = IVORYUITests/Info.plist;
				LD_RUNPATH_SEARCH_PATHS = "$(inherited) @executable_path/Frameworks @loader_path/Frameworks";
				PRODUCT_BUNDLE_IDENTIFIER = PurdueIdeaFamily.IVORYUITests;
				PRODUCT_NAME = "$(TARGET_NAME)";
				TEST_TARGET_NAME = IVORY;
				USES_XCTRUNNER = YES;
			};
			name = Release;
		};
/* End XCBuildConfiguration section */

/* Begin XCConfigurationList section */
		F70F2C2C1C26570F00A7069D /* Build configuration list for PBXProject "IVORY" */ = {
			isa = XCConfigurationList;
			buildConfigurations = (
				F70F2C571C26570F00A7069D /* Debug */,
				F70F2C581C26570F00A7069D /* Release */,
			);
			defaultConfigurationIsVisible = 0;
			defaultConfigurationName = Release;
		};
		F70F2C591C26570F00A7069D /* Build configuration list for PBXNativeTarget "IVORY" */ = {
			isa = XCConfigurationList;
			buildConfigurations = (
				F70F2C5A1C26570F00A7069D /* Debug */,
				F70F2C5B1C26570F00A7069D /* Release */,
			);
			defaultConfigurationIsVisible = 0;
		};
		F70F2C5C1C26570F00A7069D /* Build configuration list for PBXNativeTarget "IVORYTests" */ = {
			isa = XCConfigurationList;
			buildConfigurations = (
				F70F2C5D1C26570F00A7069D /* Debug */,
				F70F2C5E1C26570F00A7069D /* Release */,
			);
			defaultConfigurationIsVisible = 0;
		};
		F70F2C5F1C26570F00A7069D /* Build configuration list for PBXNativeTarget "IVORYUITests" */ = {
			isa = XCConfigurationList;
			buildConfigurations = (
				F70F2C601C26570F00A7069D /* Debug */,
				F70F2C611C26570F00A7069D /* Release */,
			);
			defaultConfigurationIsVisible = 0;
		};
/* End XCConfigurationList section */
	};
	rootObject = F70F2C291C26570F00A7069D /* Project object */;
}
